// !$*UTF8*$!
{
	archiveVersion = 1;
	classes = {
	};
	objectVersion = 48;
	objects = {

/* Begin PBXBuildFile section */
		630F7A451FDDC9FB00C7C114 /* BitPredict.xcdatamodeld in Sources */ = {isa = PBXBuildFile; fileRef = 630F7A431FDDC9FB00C7C114 /* BitPredict.xcdatamodeld */; };
		63158D1F1FCF61DD0080914A /* AppDelegate.swift in Sources */ = {isa = PBXBuildFile; fileRef = 63158D1E1FCF61DD0080914A /* AppDelegate.swift */; };
		63158D211FCF61DD0080914A /* ViewController.swift in Sources */ = {isa = PBXBuildFile; fileRef = 63158D201FCF61DD0080914A /* ViewController.swift */; };
		63158D261FCF61DD0080914A /* Assets.xcassets in Resources */ = {isa = PBXBuildFile; fileRef = 63158D251FCF61DD0080914A /* Assets.xcassets */; };
		63158D291FCF61DD0080914A /* LaunchScreen.storyboard in Resources */ = {isa = PBXBuildFile; fileRef = 63158D271FCF61DD0080914A /* LaunchScreen.storyboard */; };
		63158D311FD0AE2D0080914A /* VoteViewController.swift in Sources */ = {isa = PBXBuildFile; fileRef = 63158D301FD0AE2D0080914A /* VoteViewController.swift */; };
		63158D331FD0AE350080914A /* ResultsViewController.swift in Sources */ = {isa = PBXBuildFile; fileRef = 63158D321FD0AE350080914A /* ResultsViewController.swift */; };
		63158D351FD0AE440080914A /* PastPrefsViewController.swift in Sources */ = {isa = PBXBuildFile; fileRef = 63158D341FD0AE440080914A /* PastPrefsViewController.swift */; };
		63158D371FD0B1660080914A /* restAPI.swift in Sources */ = {isa = PBXBuildFile; fileRef = 63158D361FD0B1660080914A /* restAPI.swift */; };
		63158D391FD1FCFB0080914A /* Vote.swift in Sources */ = {isa = PBXBuildFile; fileRef = 63158D381FD1FCFB0080914A /* Vote.swift */; };
		63158D3B1FD1FE9A0080914A /* Models.swift in Sources */ = {isa = PBXBuildFile; fileRef = 63158D3A1FD1FE9A0080914A /* Models.swift */; };
		636C80DC1FD60821007D63CF /* PastPrefCollectionViewCell.swift in Sources */ = {isa = PBXBuildFile; fileRef = 636C80DB1FD60821007D63CF /* PastPrefCollectionViewCell.swift */; };
		637F8A061FDF2F0D00999BF4 /* OneResultViewController.swift in Sources */ = {isa = PBXBuildFile; fileRef = 637F8A051FDF2F0D00999BF4 /* OneResultViewController.swift */; };
		63B447A01FDB33CC00718A28 /* PreResultsViewController.swift in Sources */ = {isa = PBXBuildFile; fileRef = 63B4479F1FDB33CC00718A28 /* PreResultsViewController.swift */; };
		F48C76AE64B291BFF8611998 /* Pods_BitPredict.framework in Frameworks */ = {isa = PBXBuildFile; fileRef = 2499477754EA52DCD708761F /* Pods_BitPredict.framework */; };
/* End PBXBuildFile section */

/* Begin PBXFileReference section */
		06B2A40DD47C5E2AC8A92CD9 /* Pods-BitPredict.debug.xcconfig */ = {isa = PBXFileReference; includeInIndex = 1; lastKnownFileType = text.xcconfig; name = "Pods-BitPredict.debug.xcconfig"; path = "Pods/Target Support Files/Pods-BitPredict/Pods-BitPredict.debug.xcconfig"; sourceTree = "<group>"; };
		2499477754EA52DCD708761F /* Pods_BitPredict.framework */ = {isa = PBXFileReference; explicitFileType = wrapper.framework; includeInIndex = 0; path = Pods_BitPredict.framework; sourceTree = BUILT_PRODUCTS_DIR; };
		3C443922F7C1879738B64F24 /* Pods-BitPredict.release.xcconfig */ = {isa = PBXFileReference; includeInIndex = 1; lastKnownFileType = text.xcconfig; name = "Pods-BitPredict.release.xcconfig"; path = "Pods/Target Support Files/Pods-BitPredict/Pods-BitPredict.release.xcconfig"; sourceTree = "<group>"; };
		630F7A441FDDC9FB00C7C114 /* Data.xcdatamodel */ = {isa = PBXFileReference; lastKnownFileType = wrapper.xcdatamodel; path = Data.xcdatamodel; sourceTree = "<group>"; };
		63158D1B1FCF61DD0080914A /* BitPredict.app */ = {isa = PBXFileReference; explicitFileType = wrapper.application; includeInIndex = 0; path = BitPredict.app; sourceTree = BUILT_PRODUCTS_DIR; };
		63158D1E1FCF61DD0080914A /* AppDelegate.swift */ = {isa = PBXFileReference; lastKnownFileType = sourcecode.swift; path = AppDelegate.swift; sourceTree = "<group>"; };
		63158D201FCF61DD0080914A /* ViewController.swift */ = {isa = PBXFileReference; lastKnownFileType = sourcecode.swift; path = ViewController.swift; sourceTree = "<group>"; };
		63158D251FCF61DD0080914A /* Assets.xcassets */ = {isa = PBXFileReference; lastKnownFileType = folder.assetcatalog; path = Assets.xcassets; sourceTree = "<group>"; };
		63158D281FCF61DD0080914A /* Base */ = {isa = PBXFileReference; lastKnownFileType = file.storyboard; name = Base; path = Base.lproj/LaunchScreen.storyboard; sourceTree = "<group>"; };
		63158D2A1FCF61DD0080914A /* Info.plist */ = {isa = PBXFileReference; lastKnownFileType = text.plist.xml; path = Info.plist; sourceTree = "<group>"; };
		63158D301FD0AE2D0080914A /* VoteViewController.swift */ = {isa = PBXFileReference; lastKnownFileType = sourcecode.swift; path = VoteViewController.swift; sourceTree = "<group>"; };
		63158D321FD0AE350080914A /* ResultsViewController.swift */ = {isa = PBXFileReference; lastKnownFileType = sourcecode.swift; path = ResultsViewController.swift; sourceTree = "<group>"; };
		63158D341FD0AE440080914A /* PastPrefsViewController.swift */ = {isa = PBXFileReference; lastKnownFileType = sourcecode.swift; path = PastPrefsViewController.swift; sourceTree = "<group>"; };
		63158D361FD0B1660080914A /* restAPI.swift */ = {isa = PBXFileReference; lastKnownFileType = sourcecode.swift; path = restAPI.swift; sourceTree = "<group>"; };
		63158D381FD1FCFB0080914A /* Vote.swift */ = {isa = PBXFileReference; lastKnownFileType = sourcecode.swift; path = Vote.swift; sourceTree = "<group>"; };
		63158D3A1FD1FE9A0080914A /* Models.swift */ = {isa = PBXFileReference; lastKnownFileType = sourcecode.swift; path = Models.swift; sourceTree = "<group>"; };
		636C80DB1FD60821007D63CF /* PastPrefCollectionViewCell.swift */ = {isa = PBXFileReference; lastKnownFileType = sourcecode.swift; path = PastPrefCollectionViewCell.swift; sourceTree = "<group>"; };
		637F8A051FDF2F0D00999BF4 /* OneResultViewController.swift */ = {isa = PBXFileReference; lastKnownFileType = sourcecode.swift; path = OneResultViewController.swift; sourceTree = "<group>"; };
		63B4479F1FDB33CC00718A28 /* PreResultsViewController.swift */ = {isa = PBXFileReference; lastKnownFileType = sourcecode.swift; path = PreResultsViewController.swift; sourceTree = "<group>"; };
/* End PBXFileReference section */

/* Begin PBXFrameworksBuildPhase section */
		63158D181FCF61DD0080914A /* Frameworks */ = {
			isa = PBXFrameworksBuildPhase;
			buildActionMask = 2147483647;
			files = (
				F48C76AE64B291BFF8611998 /* Pods_BitPredict.framework in Frameworks */,
			);
			runOnlyForDeploymentPostprocessing = 0;
		};
/* End PBXFrameworksBuildPhase section */

/* Begin PBXGroup section */
		3EFC7E725288C78E0273C916 /* Frameworks */ = {
			isa = PBXGroup;
			children = (
				2499477754EA52DCD708761F /* Pods_BitPredict.framework */,
			);
			name = Frameworks;
			sourceTree = "<group>";
		};
		63158D121FCF61DD0080914A = {
			isa = PBXGroup;
			children = (
				63158D1D1FCF61DD0080914A /* BitPredict */,
				63158D1C1FCF61DD0080914A /* Products */,
				A89787D58EF24790ADB6E75D /* Pods */,
				3EFC7E725288C78E0273C916 /* Frameworks */,
			);
			sourceTree = "<group>";
		};
		63158D1C1FCF61DD0080914A /* Products */ = {
			isa = PBXGroup;
			children = (
				63158D1B1FCF61DD0080914A /* BitPredict.app */,
			);
			name = Products;
			sourceTree = "<group>";
		};
		63158D1D1FCF61DD0080914A /* BitPredict */ = {
			isa = PBXGroup;
			children = (
				636C80DA1FD2004F007D63CF /* Data */,
				63158D1E1FCF61DD0080914A /* AppDelegate.swift */,
				630F7A431FDDC9FB00C7C114 /* BitPredict.xcdatamodeld */,
				63158D201FCF61DD0080914A /* ViewController.swift */,
				63158D301FD0AE2D0080914A /* VoteViewController.swift */,
				63B4479F1FDB33CC00718A28 /* PreResultsViewController.swift */,
				637F8A051FDF2F0D00999BF4 /* OneResultViewController.swift */,
				63158D321FD0AE350080914A /* ResultsViewController.swift */,
				63158D341FD0AE440080914A /* PastPrefsViewController.swift */,
				636C80DB1FD60821007D63CF /* PastPrefCollectionViewCell.swift */,
				63158D251FCF61DD0080914A /* Assets.xcassets */,
				63158D271FCF61DD0080914A /* LaunchScreen.storyboard */,
				63158D2A1FCF61DD0080914A /* Info.plist */,
			);
			path = BitPredict;
			sourceTree = "<group>";
		};
		636C80DA1FD2004F007D63CF /* Data */ = {
			isa = PBXGroup;
			children = (
				63158D381FD1FCFB0080914A /* Vote.swift */,
				63158D361FD0B1660080914A /* restAPI.swift */,
				63158D3A1FD1FE9A0080914A /* Models.swift */,
			);
			path = Data;
			sourceTree = "<group>";
		};
		A89787D58EF24790ADB6E75D /* Pods */ = {
			isa = PBXGroup;
			children = (
				06B2A40DD47C5E2AC8A92CD9 /* Pods-BitPredict.debug.xcconfig */,
				3C443922F7C1879738B64F24 /* Pods-BitPredict.release.xcconfig */,
			);
			name = Pods;
			sourceTree = "<group>";
		};
/* End PBXGroup section */

/* Begin PBXNativeTarget section */
		63158D1A1FCF61DD0080914A /* BitPredict */ = {
			isa = PBXNativeTarget;
			buildConfigurationList = 63158D2D1FCF61DD0080914A /* Build configuration list for PBXNativeTarget "BitPredict" */;
			buildPhases = (
				26AA87E0FB862E1D157D7351 /* [CP] Check Pods Manifest.lock */,
				63158D171FCF61DD0080914A /* Sources */,
				63158D181FCF61DD0080914A /* Frameworks */,
				63158D191FCF61DD0080914A /* Resources */,
				A6B535F690CF39D74960CF04 /* [CP] Embed Pods Frameworks */,
				61B3F96A181B113C76A38637 /* [CP] Copy Pods Resources */,
			);
			buildRules = (
			);
			dependencies = (
			);
			name = BitPredict;
			productName = BitPredict;
			productReference = 63158D1B1FCF61DD0080914A /* BitPredict.app */;
			productType = "com.apple.product-type.application";
		};
/* End PBXNativeTarget section */

/* Begin PBXProject section */
		63158D131FCF61DD0080914A /* Project object */ = {
			isa = PBXProject;
			attributes = {
				LastSwiftUpdateCheck = 0900;
				LastUpgradeCheck = 0900;
				ORGANIZATIONNAME = panna;
				TargetAttributes = {
					63158D1A1FCF61DD0080914A = {
						CreatedOnToolsVersion = 9.0;
						ProvisioningStyle = Automatic;
					};
				};
			};
			buildConfigurationList = 63158D161FCF61DD0080914A /* Build configuration list for PBXProject "BitPredict" */;
			compatibilityVersion = "Xcode 8.0";
			developmentRegion = en;
			hasScannedForEncodings = 0;
			knownRegions = (
				en,
				Base,
			);
			mainGroup = 63158D121FCF61DD0080914A;
			productRefGroup = 63158D1C1FCF61DD0080914A /* Products */;
			projectDirPath = "";
			projectRoot = "";
			targets = (
				63158D1A1FCF61DD0080914A /* BitPredict */,
			);
		};
/* End PBXProject section */

/* Begin PBXResourcesBuildPhase section */
		63158D191FCF61DD0080914A /* Resources */ = {
			isa = PBXResourcesBuildPhase;
			buildActionMask = 2147483647;
			files = (
				63158D291FCF61DD0080914A /* LaunchScreen.storyboard in Resources */,
				63158D261FCF61DD0080914A /* Assets.xcassets in Resources */,
			);
			runOnlyForDeploymentPostprocessing = 0;
		};
/* End PBXResourcesBuildPhase section */

/* Begin PBXShellScriptBuildPhase section */
		26AA87E0FB862E1D157D7351 /* [CP] Check Pods Manifest.lock */ = {
			isa = PBXShellScriptBuildPhase;
			buildActionMask = 2147483647;
			files = (
			);
			inputPaths = (
				"${PODS_PODFILE_DIR_PATH}/Podfile.lock",
				"${PODS_ROOT}/Manifest.lock",
			);
			name = "[CP] Check Pods Manifest.lock";
			outputPaths = (
				"$(DERIVED_FILE_DIR)/Pods-BitPredict-checkManifestLockResult.txt",
			);
			runOnlyForDeploymentPostprocessing = 0;
			shellPath = /bin/sh;
			shellScript = "diff \"${PODS_PODFILE_DIR_PATH}/Podfile.lock\" \"${PODS_ROOT}/Manifest.lock\" > /dev/null\nif [ $? != 0 ] ; then\n    # print error to STDERR\n    echo \"error: The sandbox is not in sync with the Podfile.lock. Run 'pod install' or update your CocoaPods installation.\" >&2\n    exit 1\nfi\n# This output is used by Xcode 'outputs' to avoid re-running this script phase.\necho \"SUCCESS\" > \"${SCRIPT_OUTPUT_FILE_0}\"\n";
			showEnvVarsInLog = 0;
		};
		61B3F96A181B113C76A38637 /* [CP] Copy Pods Resources */ = {
			isa = PBXShellScriptBuildPhase;
			buildActionMask = 2147483647;
			files = (
			);
			inputPaths = (
			);
			name = "[CP] Copy Pods Resources";
			outputPaths = (
			);
			runOnlyForDeploymentPostprocessing = 0;
			shellPath = /bin/sh;
			shellScript = "\"${SRCROOT}/Pods/Target Support Files/Pods-BitPredict/Pods-BitPredict-resources.sh\"\n";
			showEnvVarsInLog = 0;
		};
		A6B535F690CF39D74960CF04 /* [CP] Embed Pods Frameworks */ = {
			isa = PBXShellScriptBuildPhase;
			buildActionMask = 2147483647;
			files = (
			);
			inputPaths = (
				"${SRCROOT}/Pods/Target Support Files/Pods-BitPredict/Pods-BitPredict-frameworks.sh",
				"${BUILT_PRODUCTS_DIR}/Alamofire/Alamofire.framework",
				"${BUILT_PRODUCTS_DIR}/Charts/Charts.framework",
				"${BUILT_PRODUCTS_DIR}/SwiftyJSON/SwiftyJSON.framework",
			);
			name = "[CP] Embed Pods Frameworks";
			outputPaths = (
				"${TARGET_BUILD_DIR}/${FRAMEWORKS_FOLDER_PATH}/Alamofire.framework",
				"${TARGET_BUILD_DIR}/${FRAMEWORKS_FOLDER_PATH}/Charts.framework",
				"${TARGET_BUILD_DIR}/${FRAMEWORKS_FOLDER_PATH}/SwiftyJSON.framework",
			);
			runOnlyForDeploymentPostprocessing = 0;
			shellPath = /bin/sh;
			shellScript = "\"${SRCROOT}/Pods/Target Support Files/Pods-BitPredict/Pods-BitPredict-frameworks.sh\"\n";
			showEnvVarsInLog = 0;
		};
/* End PBXShellScriptBuildPhase section */

/* Begin PBXSourcesBuildPhase section */
		63158D171FCF61DD0080914A /* Sources */ = {
			isa = PBXSourcesBuildPhase;
			buildActionMask = 2147483647;
			files = (
				636C80DC1FD60821007D63CF /* PastPrefCollectionViewCell.swift in Sources */,
				63158D311FD0AE2D0080914A /* VoteViewController.swift in Sources */,
				63158D211FCF61DD0080914A /* ViewController.swift in Sources */,
				63158D371FD0B1660080914A /* restAPI.swift in Sources */,
				63158D391FD1FCFB0080914A /* Vote.swift in Sources */,
				63158D1F1FCF61DD0080914A /* AppDelegate.swift in Sources */,
				630F7A451FDDC9FB00C7C114 /* BitPredict.xcdatamodeld in Sources */,
				63158D3B1FD1FE9A0080914A /* Models.swift in Sources */,
				637F8A061FDF2F0D00999BF4 /* OneResultViewController.swift in Sources */,
				63B447A01FDB33CC00718A28 /* PreResultsViewController.swift in Sources */,
				63158D331FD0AE350080914A /* ResultsViewController.swift in Sources */,
				63158D351FD0AE440080914A /* PastPrefsViewController.swift in Sources */,
			);
			runOnlyForDeploymentPostprocessing = 0;
		};
/* End PBXSourcesBuildPhase section */

/* Begin PBXVariantGroup section */
		63158D271FCF61DD0080914A /* LaunchScreen.storyboard */ = {
			isa = PBXVariantGroup;
			children = (
				63158D281FCF61DD0080914A /* Base */,
			);
			name = LaunchScreen.storyboard;
			sourceTree = "<group>";
		};
/* End PBXVariantGroup section */

/* Begin XCBuildConfiguration section */
		63158D2B1FCF61DD0080914A /* Debug */ = {
			isa = XCBuildConfiguration;
			buildSettings = {
				ALWAYS_SEARCH_USER_PATHS = NO;
				CLANG_ANALYZER_NONNULL = YES;
				CLANG_ANALYZER_NUMBER_OBJECT_CONVERSION = YES_AGGRESSIVE;
				CLANG_CXX_LANGUAGE_STANDARD = "gnu++14";
				CLANG_CXX_LIBRARY = "libc++";
				CLANG_ENABLE_MODULES = YES;
				CLANG_ENABLE_OBJC_ARC = YES;
				CLANG_WARN_BLOCK_CAPTURE_AUTORELEASING = YES;
				CLANG_WARN_BOOL_CONVERSION = YES;
				CLANG_WARN_COMMA = YES;
				CLANG_WARN_CONSTANT_CONVERSION = YES;
				CLANG_WARN_DIRECT_OBJC_ISA_USAGE = YES_ERROR;
				CLANG_WARN_DOCUMENTATION_COMMENTS = YES;
				CLANG_WARN_EMPTY_BODY = YES;
				CLANG_WARN_ENUM_CONVERSION = YES;
				CLANG_WARN_INFINITE_RECURSION = YES;
				CLANG_WARN_INT_CONVERSION = YES;
				CLANG_WARN_NON_LITERAL_NULL_CONVERSION = YES;
				CLANG_WARN_OBJC_LITERAL_CONVERSION = YES;
				CLANG_WARN_OBJC_ROOT_CLASS = YES_ERROR;
				CLANG_WARN_RANGE_LOOP_ANALYSIS = YES;
				CLANG_WARN_STRICT_PROTOTYPES = YES;
				CLANG_WARN_SUSPICIOUS_MOVE = YES;
				CLANG_WARN_UNGUARDED_AVAILABILITY = YES_AGGRESSIVE;
				CLANG_WARN_UNREACHABLE_CODE = YES;
				CLANG_WARN__DUPLICATE_METHOD_MATCH = YES;
				CODE_SIGN_IDENTITY = "iPhone Developer";
				COPY_PHASE_STRIP = NO;
				DEBUG_INFORMATION_FORMAT = dwarf;
				ENABLE_STRICT_OBJC_MSGSEND = YES;
				ENABLE_TESTABILITY = YES;
				GCC_C_LANGUAGE_STANDARD = gnu11;
				GCC_DYNAMIC_NO_PIC = NO;
				GCC_NO_COMMON_BLOCKS = YES;
				GCC_OPTIMIZATION_LEVEL = 0;
				GCC_PREPROCESSOR_DEFINITIONS = (
					"DEBUG=1",
					"$(inherited)",
				);
				GCC_WARN_64_TO_32_BIT_CONVERSION = YES;
				GCC_WARN_ABOUT_RETURN_TYPE = YES_ERROR;
				GCC_WARN_UNDECLARED_SELECTOR = YES;
				GCC_WARN_UNINITIALIZED_AUTOS = YES_AGGRESSIVE;
				GCC_WARN_UNUSED_FUNCTION = YES;
				GCC_WARN_UNUSED_VARIABLE = YES;
				IPHONEOS_DEPLOYMENT_TARGET = 11.0;
				MTL_ENABLE_DEBUG_INFO = YES;
				ONLY_ACTIVE_ARCH = YES;
				SDKROOT = iphoneos;
				SWIFT_ACTIVE_COMPILATION_CONDITIONS = DEBUG;
				SWIFT_OPTIMIZATION_LEVEL = "-Onone";
			};
			name = Debug;
		};
		63158D2C1FCF61DD0080914A /* Release */ = {
			isa = XCBuildConfiguration;
			buildSettings = {
				ALWAYS_SEARCH_USER_PATHS = NO;
				CLANG_ANALYZER_NONNULL = YES;
				CLANG_ANALYZER_NUMBER_OBJECT_CONVERSION = YES_AGGRESSIVE;
				CLANG_CXX_LANGUAGE_STANDARD = "gnu++14";
				CLANG_CXX_LIBRARY = "libc++";
				CLANG_ENABLE_MODULES = YES;
				CLANG_ENABLE_OBJC_ARC = YES;
				CLANG_WARN_BLOCK_CAPTURE_AUTORELEASING = YES;
				CLANG_WARN_BOOL_CONVERSION = YES;
				CLANG_WARN_COMMA = YES;
				CLANG_WARN_CONSTANT_CONVERSION = YES;
				CLANG_WARN_DIRECT_OBJC_ISA_USAGE = YES_ERROR;
				CLANG_WARN_DOCUMENTATION_COMMENTS = YES;
				CLANG_WARN_EMPTY_BODY = YES;
				CLANG_WARN_ENUM_CONVERSION = YES;
				CLANG_WARN_INFINITE_RECURSION = YES;
				CLANG_WARN_INT_CONVERSION = YES;
				CLANG_WARN_NON_LITERAL_NULL_CONVERSION = YES;
				CLANG_WARN_OBJC_LITERAL_CONVERSION = YES;
				CLANG_WARN_OBJC_ROOT_CLASS = YES_ERROR;
				CLANG_WARN_RANGE_LOOP_ANALYSIS = YES;
				CLANG_WARN_STRICT_PROTOTYPES = YES;
				CLANG_WARN_SUSPICIOUS_MOVE = YES;
				CLANG_WARN_UNGUARDED_AVAILABILITY = YES_AGGRESSIVE;
				CLANG_WARN_UNREACHABLE_CODE = YES;
				CLANG_WARN__DUPLICATE_METHOD_MATCH = YES;
				CODE_SIGN_IDENTITY = "iPhone Developer";
				COPY_PHASE_STRIP = NO;
				DEBUG_INFORMATION_FORMAT = "dwarf-with-dsym";
				ENABLE_NS_ASSERTIONS = NO;
				ENABLE_STRICT_OBJC_MSGSEND = YES;
				GCC_C_LANGUAGE_STANDARD = gnu11;
				GCC_NO_COMMON_BLOCKS = YES;
				GCC_WARN_64_TO_32_BIT_CONVERSION = YES;
				GCC_WARN_ABOUT_RETURN_TYPE = YES_ERROR;
				GCC_WARN_UNDECLARED_SELECTOR = YES;
				GCC_WARN_UNINITIALIZED_AUTOS = YES_AGGRESSIVE;
				GCC_WARN_UNUSED_FUNCTION = YES;
				GCC_WARN_UNUSED_VARIABLE = YES;
				IPHONEOS_DEPLOYMENT_TARGET = 11.0;
				MTL_ENABLE_DEBUG_INFO = NO;
				SDKROOT = iphoneos;
				SWIFT_OPTIMIZATION_LEVEL = "-Owholemodule";
				VALIDATE_PRODUCT = YES;
			};
			name = Release;
		};
		63158D2E1FCF61DD0080914A /* Debug */ = {
			isa = XCBuildConfiguration;
			baseConfigurationReference = 06B2A40DD47C5E2AC8A92CD9 /* Pods-BitPredict.debug.xcconfig */;
			buildSettings = {
				ASSETCATALOG_COMPILER_APPICON_NAME = AppIcon;
				CODE_SIGN_STYLE = Automatic;
				DEVELOPMENT_TEAM = ULVS743Y94;
				INFOPLIST_FILE = BitPredict/Info.plist;
				LD_RUNPATH_SEARCH_PATHS = "$(inherited) @executable_path/Frameworks";
				PRODUCT_BUNDLE_IDENTIFIER = com.panna.BitPredict;
				PRODUCT_NAME = "$(TARGET_NAME)";
				SWIFT_VERSION = 4.0;
				TARGETED_DEVICE_FAMILY = "1,2";
			};
			name = Debug;
		};
		63158D2F1FCF61DD0080914A /* Release */ = {
			isa = XCBuildConfiguration;
			baseConfigurationReference = 3C443922F7C1879738B64F24 /* Pods-BitPredict.release.xcconfig */;
			buildSettings = {
				ASSETCATALOG_COMPILER_APPICON_NAME = AppIcon;
				CODE_SIGN_STYLE = Automatic;
				DEVELOPMENT_TEAM = ULVS743Y94;
				INFOPLIST_FILE = BitPredict/Info.plist;
				LD_RUNPATH_SEARCH_PATHS = "$(inherited) @executable_path/Frameworks";
				PRODUCT_BUNDLE_IDENTIFIER = com.panna.BitPredict;
				PRODUCT_NAME = "$(TARGET_NAME)";
				SWIFT_VERSION = 4.0;
				TARGETED_DEVICE_FAMILY = "1,2";
			};
			name = Release;
		};
/* End XCBuildConfiguration section */

/* Begin XCConfigurationList section */
		63158D161FCF61DD0080914A /* Build configuration list for PBXProject "BitPredict" */ = {
			isa = XCConfigurationList;
			buildConfigurations = (
				63158D2B1FCF61DD0080914A /* Debug */,
				63158D2C1FCF61DD0080914A /* Release */,
			);
			defaultConfigurationIsVisible = 0;
			defaultConfigurationName = Release;
		};
		63158D2D1FCF61DD0080914A /* Build configuration list for PBXNativeTarget "BitPredict" */ = {
			isa = XCConfigurationList;
			buildConfigurations = (
				63158D2E1FCF61DD0080914A /* Debug */,
				63158D2F1FCF61DD0080914A /* Release */,
			);
			defaultConfigurationIsVisible = 0;
			defaultConfigurationName = Release;
		};
/* End XCConfigurationList section */

/* Begin XCVersionGroup section */
		630F7A431FDDC9FB00C7C114 /* BitPredict.xcdatamodeld */ = {
			isa = XCVersionGroup;
			children = (
				630F7A441FDDC9FB00C7C114 /* Data.xcdatamodel */,
			);
			currentVersion = 630F7A441FDDC9FB00C7C114 /* Data.xcdatamodel */;
			path = BitPredict.xcdatamodeld;
			sourceTree = "<group>";
			versionGroupType = wrapper.xcdatamodel;
		};
/* End XCVersionGroup section */
	};
	rootObject = 63158D131FCF61DD0080914A /* Project object */;
}
